
Microsoft Visual Studio Solution File, Format Version 12.00
# Visual Studio 15
VisualStudioVersion = 15.0.28307.1500
MinimumVisualStudioVersion = 10.0.40219.1
Project("{FAE04EC0-301F-11D3-BF4B-00C04F79EFBC}") = "Orient_Objeto_Modif_Parametro_Out", "Orient_Objeto_Modif_Parametro_Out\Orient_Objeto_Modif_Parametro_Out.csproj", "{9A6ED322-04BE-48E3-AADD-DA9A187FCB50}"
EndProject
Global
	GlobalSection(SolutionConfigurationPlatforms) = preSolution
		Debug|Any CPU = Debug|Any CPU
		Release|Any CPU = Release|Any CPU
	EndGlobalSection
	GlobalSection(ProjectConfigurationPlatforms) = postSolution
		{9A6ED322-04BE-48E3-AADD-DA9A187FCB50}.Debug|Any CPU.ActiveCfg = Debug|Any CPU
		{9A6ED322-04BE-48E3-AADD-DA9A187FCB50}.Debug|Any CPU.Build.0 = Debug|Any CPU
		{9A6ED322-04BE-48E3-AADD-DA9A187FCB50}.Release|Any CPU.ActiveCfg = Release|Any CPU
		{9A6ED322-04BE-48E3-AADD-DA9A187FCB50}.Release|Any CPU.Build.0 = Release|Any CPU
	EndGlobalSection
	GlobalSection(SolutionProperties) = preSolution
		HideSolutionNode = FALSE
	EndGlobalSection
	GlobalSection(ExtensibilityGlobals) = postSolution
		SolutionGuid = {F5D15D56-01D8-4950-8EC7-0A6127027A04}
	EndGlobalSection
EndGlobal
